dependencies:
- name: ai-service
  repository: file://charts/ai-service
  version: 0.1.0
- name: api-gateway
  repository: file://charts/api-gateway
  version: 0.1.0
- name: auth-service
  repository: file://charts/auth-service
  version: 0.1.0
- name: cart-service
  repository: file://charts/cart-service
  version: 0.1.0
- name: config-server
  repository: file://charts/config-server
  version: 0.1.0
- name: inventory-service
  repository: file://charts/inventory-service
  version: 0.1.0
- name: order-service
  repository: file://charts/order-service
  version: 0.1.0
- name: payment-service
  repository: file://charts/payment-service
  version: 0.1.0
- name: product-service
  repository: file://charts/product-service
  version: 0.1.0
- name: profile-service
  repository: file://charts/profile-service
  version: 0.1.0
- name: search-service
  repository: file://charts/search-service
  version: 0.1.0
- name: server-registry
  repository: file://charts/server-registry
  version: 0.1.0
- name: mysql
  repository: file://charts/mysql
  version: 0.1.0
- name: redis
  repository: file://charts/redis
  version: 0.1.0
- name: kafka
  repository: file://charts/kafka
  version: 0.1.0
- name: elasticsearch
  repository: file://charts/elasticsearch
  version: 0.1.0
- name: ollama
  repository: file://charts/ollama
  version: 0.1.0
- name: mariadb
  repository: file://charts/mariadb
  version: 0.1.0
digest: sha256:c41860aab838ccc48b8a09869b24747419dc03ed9aaa82f27a388b34d2277c35
generated: "2026-07-18T19:41:39.177138908Z"
