dependencies:
- name: api-gateway
  repository: file://charts/api-gateway
  version: 0.1.0
- name: auth-service
  repository: file://charts/auth-service
  version: 0.1.0
- name: cart-service
  repository: file://charts/cart-service
  version: 0.1.0
- name: config-server
  repository: file://charts/config-server
  version: 0.1.0
- name: inventory-service
  repository: file://charts/inventory-service
  version: 0.1.0
- name: order-service
  repository: file://charts/order-service
  version: 0.1.0
- name: payment-service
  repository: file://charts/payment-service
  version: 0.1.0
- name: product-service
  repository: file://charts/product-service
  version: 0.1.0
- name: profile-service
  repository: file://charts/profile-service
  version: 0.1.0
- name: search-service
  repository: file://charts/search-service
  version: 0.1.0
- name: server-registry
  repository: file://charts/server-registry
  version: 0.1.0
- name: mysql
  repository: file://charts/mysql
  version: 0.1.0
- name: redis
  repository: file://charts/redis
  version: 0.1.0
- name: kafka
  repository: file://charts/kafka
  version: 0.1.0
- name: elasticsearch
  repository: file://charts/elasticsearch
  version: 0.1.0
- name: mariadb
  repository: file://charts/mariadb
  version: 0.1.0
digest: sha256:7ed2a7f6512c0a404609e61483d1384263d07899d2318fa9e2846d63b421ae9f
generated: "2026-07-29T23:54:48.3197425+05:30"
