dependencies:
- name: api-gatway
  repository: file://charts/api-gatway
  version: 0.1.0
- name: auth-service
  repository: file://charts/auth-service
  version: 0.1.0
- name: cart-service
  repository: file://charts/cart-service
  version: 0.1.0
- name: config-server
  repository: file://charts/config-server
  version: 0.1.0
- name: inventory-service
  repository: file://charts/inventory-service
  version: 0.1.0
- name: order-service
  repository: file://charts/order-service
  version: 0.1.0
- name: payment-service
  repository: file://charts/payment-service
  version: 0.1.0
- name: product-service
  repository: file://charts/product-service
  version: 0.1.0
- name: profile-service
  repository: file://charts/profile-service
  version: 0.1.0
- name: search-service
  repository: file://charts/search-service
  version: 0.1.0
- name: server-registry
  repository: file://charts/server-registry
  version: 0.1.0
- name: mysql
  repository: file://charts/mysql
  version: 0.1.0
- name: redis
  repository: file://charts/redis
  version: 0.1.0
- name: kafka
  repository: file://charts/kafka
  version: 0.1.0
- name: elasticsearch
  repository: file://charts/elasticsearch
  version: 0.1.0
- name: mariadb
  repository: file://charts/mariadb
  version: 0.1.0
digest: sha256:bde01883b99af54b1a69219b87985717031519f242a9d913ac325d3433fad456
generated: "2026-08-08T11:44:27.225438267Z"
